<?xml version="1.0" encoding="utf-8"?>
<Project ToolsVersion="4.0" xmlns="http://schemas.microsoft.com/developer/msbuild/2003">
  <ItemGroup>
    <Filter Include="Source Files">
      <UniqueIdentifier>{4FC737F1-C7A5-4376-A066-2A32D752A2FF}</UniqueIdentifier>
      <Extensions>cpp;c;cc;cxx;def;odl;idl;hpj;bat;asm;asmx</Extensions>
    </Filter>
    <Filter Include="Header Files">
      <UniqueIdentifier>{93995380-89BD-4b04-88EB-625FBE52EBFB}</UniqueIdentifier>
      <Extensions>h;hh;hpp;hxx;hm;inl;inc;ipp;xsd</Extensions>
    </Filter>
    <Filter Include="Resource Files">
      <UniqueIdentifier>{67DA6AB6-F800-4c08-8B7A-83BB121AAD01}</UniqueIdentifier>
      <Extensions>rc;ico;cur;bmp;dlg;rc2;rct;bin;rgs;gif;jpg;jpeg;jpe;resx;tiff;tif;png;wav;mfcribbon-ms</Extensions>
    </Filter>
  </ItemGroup>
  <ItemGroup>
    <ClCompile Include="CNN.cpp">
      <Filter>Source Files</Filter>
    </ClCompile>
    <ClCompile Include="Numpy.cpp">
      <Filter>Source Files</Filter>
    </ClCompile>
    <ClCompile Include="Main.cpp">
      <Filter>Source Files</Filter>
    </ClCompile>
    <ClCompile Include="Input2D.cpp">
      <Filter>Source Files</Filter>
    </ClCompile>
    <ClCompile Include="Conv2D.cpp">
      <Filter>Source Files</Filter>
    </ClCompile>
    <ClCompile Include="AveragePooling2D.cpp">
      <Filter>Source Files</Filter>
    </ClCompile>
    <ClCompile Include="MaxPooling2D.cpp">
      <Filter>Source Files</Filter>
    </ClCompile>
    <ClCompile Include="ReLU.cpp">
      <Filter>Source Files</Filter>
    </ClCompile>
    <ClCompile Include="Sigmoid.cpp">
      <Filter>Source Files</Filter>
    </ClCompile>
    <ClCompile Include="Flatten.cpp">
      <Filter>Source Files</Filter>
    </ClCompile>
    <ClCompile Include="Dense.cpp">
      <Filter>Source Files</Filter>
    </ClCompile>
    <ClCompile Include="Model.cpp">
      <Filter>Source Files</Filter>
    </ClCompile>
  </ItemGroup>
  <ItemGroup>
    <ClInclude Include="Numpy.h">
      <Filter>Header Files</Filter>
    </ClInclude>
    <ClInclude Include="CNN.h">
      <Filter>Header Files</Filter>
    </ClInclude>
    <ClInclude Include="Input2D.h">
      <Filter>Header Files</Filter>
    </ClInclude>
    <ClInclude Include="Conv2D.h">
      <Filter>Header Files</Filter>
    </ClInclude>
    <ClInclude Include="AveragePooling2D.h">
      <Filter>Header Files</Filter>
    </ClInclude>
    <ClInclude Include="MaxPooling2D.h">
      <Filter>Header Files</Filter>
    </ClInclude>
    <ClInclude Include="ReLU.h">
      <Filter>Header Files</Filter>
    </ClInclude>
    <ClInclude Include="Sigmoid.h">
      <Filter>Header Files</Filter>
    </ClInclude>
    <ClInclude Include="Flatten.h">
      <Filter>Header Files</Filter>
    </ClInclude>
    <ClInclude Include="Dense.h">
      <Filter>Header Files</Filter>
    </ClInclude>
    <ClInclude Include="Model.h">
      <Filter>Header Files</Filter>
    </ClInclude>
  </ItemGroup>
</Project>